
Microsoft Visual Studio Solution File, Format Version 12.00
# Visual Studio 15
VisualStudioVersion = 15.0.27130.2010
MinimumVisualStudioVersion = 10.0.40219.1
Project("{FAE04EC0-301F-11D3-BF4B-00C04F79EFBC}") = "FriendOrganizer.UI", "FriendOrganizer.UI\FriendOrganizer.UI.csproj", "{6E3DC013-511F-473E-91DA-249DE89D06F2}"
EndProject
Project("{FAE04EC0-301F-11D3-BF4B-00C04F79EFBC}") = "FriendOrganizer.DataAccess", "FriendOrganizer.DataAccess\FriendOrganizer.DataAccess.csproj", "{BED96E97-7A4E-4465-9D4C-2BC4B6597142}"
EndProject
Project("{FAE04EC0-301F-11D3-BF4B-00C04F79EFBC}") = "FriendOrganizer.Model", "FriendOrganizer.Model\FriendOrganizer.Model.csproj", "{BC8B066D-5641-4F5C-B99C-4A430174EA7E}"
EndProject
Global
	GlobalSection(SolutionConfigurationPlatforms) = preSolution
		Debug|Any CPU = Debug|Any CPU
		Release|Any CPU = Release|Any CPU
	EndGlobalSection
	GlobalSection(ProjectConfigurationPlatforms) = postSolution
		{6E3DC013-511F-473E-91DA-249DE89D06F2}.Debug|Any CPU.ActiveCfg = Debug|Any CPU
		{6E3DC013-511F-473E-91DA-249DE89D06F2}.Debug|Any CPU.Build.0 = Debug|Any CPU
		{6E3DC013-511F-473E-91DA-249DE89D06F2}.Release|Any CPU.ActiveCfg = Release|Any CPU
		{6E3DC013-511F-473E-91DA-249DE89D06F2}.Release|Any CPU.Build.0 = Release|Any CPU
		{BED96E97-7A4E-4465-9D4C-2BC4B6597142}.Debug|Any CPU.ActiveCfg = Debug|Any CPU
		{BED96E97-7A4E-4465-9D4C-2BC4B6597142}.Debug|Any CPU.Build.0 = Debug|Any CPU
		{BED96E97-7A4E-4465-9D4C-2BC4B6597142}.Release|Any CPU.ActiveCfg = Release|Any CPU
		{BED96E97-7A4E-4465-9D4C-2BC4B6597142}.Release|Any CPU.Build.0 = Release|Any CPU
		{BC8B066D-5641-4F5C-B99C-4A430174EA7E}.Debug|Any CPU.ActiveCfg = Debug|Any CPU
		{BC8B066D-5641-4F5C-B99C-4A430174EA7E}.Debug|Any CPU.Build.0 = Debug|Any CPU
		{BC8B066D-5641-4F5C-B99C-4A430174EA7E}.Release|Any CPU.ActiveCfg = Release|Any CPU
		{BC8B066D-5641-4F5C-B99C-4A430174EA7E}.Release|Any CPU.Build.0 = Release|Any CPU
	EndGlobalSection
	GlobalSection(SolutionProperties) = preSolution
		HideSolutionNode = FALSE
	EndGlobalSection
	GlobalSection(ExtensibilityGlobals) = postSolution
		SolutionGuid = {E83C79E6-AC07-40D2-B885-54EA99919F97}
	EndGlobalSection
EndGlobal
